
Microsoft Visual Studio Solution File, Format Version 12.00
# Visual Studio Version 16
VisualStudioVersion = 16.0.28729.10
MinimumVisualStudioVersion = 10.0.40219.1
Project("{FAE04EC0-301F-11D3-BF4B-00C04F79EFBC}") = "TextileResearchDevelopment", "TextileResearchDevelopment\TextileResearchDevelopment.csproj", "{460B6E8D-90EA-4796-A561-EEF69D60112B}"
EndProject
Global
	GlobalSection(SolutionConfigurationPlatforms) = preSolution
		Debug|Any CPU = Debug|Any CPU
		Release|Any CPU = Release|Any CPU
	EndGlobalSection
	GlobalSection(ProjectConfigurationPlatforms) = postSolution
		{460B6E8D-90EA-4796-A561-EEF69D60112B}.Debug|Any CPU.ActiveCfg = Debug|Any CPU
		{460B6E8D-90EA-4796-A561-EEF69D60112B}.Debug|Any CPU.Build.0 = Debug|Any CPU
		{460B6E8D-90EA-4796-A561-EEF69D60112B}.Release|Any CPU.ActiveCfg = Release|Any CPU
		{460B6E8D-90EA-4796-A561-EEF69D60112B}.Release|Any CPU.Build.0 = Release|Any CPU
	EndGlobalSection
	GlobalSection(SolutionProperties) = preSolution
		HideSolutionNode = FALSE
	EndGlobalSection
	GlobalSection(ExtensibilityGlobals) = postSolution
		SolutionGuid = {46F2C20D-3EF1-4E53-8871-2F5D258DA0D2}
	EndGlobalSection
EndGlobal
